// !$*UTF8*$!
{
	archiveVersion = 1;
	classes = {
	};
	objectVersion = 48;
	objects = {

/* Begin PBXBuildFile section */
		621673E21FAFD09D000F70E4 /* AppDelegate.swift in Sources */ = {isa = PBXBuildFile; fileRef = 621673E11FAFD09D000F70E4 /* AppDelegate.swift */; };
		621673E41FAFD09D000F70E4 /* ViewController.swift in Sources */ = {isa = PBXBuildFile; fileRef = 621673E31FAFD09D000F70E4 /* ViewController.swift */; };
		621673E71FAFD09D000F70E4 /* Main.storyboard in Resources */ = {isa = PBXBuildFile; fileRef = 621673E51FAFD09D000F70E4 /* Main.storyboard */; };
		621673E91FAFD09D000F70E4 /* Assets.xcassets in Resources */ = {isa = PBXBuildFile; fileRef = 621673E81FAFD09D000F70E4 /* Assets.xcassets */; };
		621673EC1FAFD09D000F70E4 /* LaunchScreen.storyboard in Resources */ = {isa = PBXBuildFile; fileRef = 621673EA1FAFD09D000F70E4 /* LaunchScreen.storyboard */; };
/* End PBXBuildFile section */

/* Begin PBXFileReference section */
		621673DE1FAFD09D000F70E4 /* Savar Dados.app */ = {isa = PBXFileReference; explicitFileType = wrapper.application; includeInIndex = 0; path = "Savar Dados.app"; sourceTree = BUILT_PRODUCTS_DIR; };
		621673E11FAFD09D000F70E4 /* AppDelegate.swift */ = {isa = PBXFileReference; lastKnownFileType = sourcecode.swift; path = AppDelegate.swift; sourceTree = "<group>"; };
		621673E31FAFD09D000F70E4 /* ViewController.swift */ = {isa = PBXFileReference; lastKnownFileType = sourcecode.swift; path = ViewController.swift; sourceTree = "<group>"; };
		621673E61FAFD09D000F70E4 /* Base */ = {isa = PBXFileReference; lastKnownFileType = file.storyboard; name = Base; path = Base.lproj/Main.storyboard; sourceTree = "<group>"; };
		621673E81FAFD09D000F70E4 /* Assets.xcassets */ = {isa = PBXFileReference; lastKnownFileType = folder.assetcatalog; path = Assets.xcassets; sourceTree = "<group>"; };
		621673EB1FAFD09D000F70E4 /* Base */ = {isa = PBXFileReference; lastKnownFileType = file.storyboard; name = Base; path = Base.lproj/LaunchScreen.storyboard; sourceTree = "<group>"; };
		621673ED1FAFD09D000F70E4 /* Info.plist */ = {isa = PBXFileReference; lastKnownFileType = text.plist.xml; path = Info.plist; sourceTree = "<group>"; };
/* End PBXFileReference section */

/* Begin PBXFrameworksBuildPhase section */
		621673DB1FAFD09D000F70E4 /* Frameworks */ = {
			isa = PBXFrameworksBuildPhase;
			buildActionMask = 2147483647;
			files = (
			);
			runOnlyForDeploymentPostprocessing = 0;
		};
/* End PBXFrameworksBuildPhase section */

/* Begin PBXGroup section */
		621673D51FAFD09D000F70E4 = {
			isa = PBXGroup;
			children = (
				621673E01FAFD09D000F70E4 /* Savar Dados */,
				621673DF1FAFD09D000F70E4 /* Products */,
			);
			sourceTree = "<group>";
		};
		621673DF1FAFD09D000F70E4 /* Products */ = {
			isa = PBXGroup;
			children = (
				621673DE1FAFD09D000F70E4 /* Savar Dados.app */,
			);
			name = Products;
			sourceTree = "<group>";
		};
		621673E01FAFD09D000F70E4 /* Savar Dados */ = {
			isa = PBXGroup;
			children = (
				621673E11FAFD09D000F70E4 /* AppDelegate.swift */,
				621673E31FAFD09D000F70E4 /* ViewController.swift */,
				621673E51FAFD09D000F70E4 /* Main.storyboard */,
				621673E81FAFD09D000F70E4 /* Assets.xcassets */,
				621673EA1FAFD09D000F70E4 /* LaunchScreen.storyboard */,
				621673ED1FAFD09D000F70E4 /* Info.plist */,
			);
			path = "Savar Dados";
			sourceTree = "<group>";
		};
/* End PBXGroup section */

/* Begin PBXNativeTarget section */
		621673DD1FAFD09D000F70E4 /* Savar Dados */ = {
			isa = PBXNativeTarget;
			buildConfigurationList = 621673F01FAFD09D000F70E4 /* Build configuration list for PBXNativeTarget "Savar Dados" */;
			buildPhases = (
				621673DA1FAFD09D000F70E4 /* Sources */,
				621673DB1FAFD09D000F70E4 /* Frameworks */,
				621673DC1FAFD09D000F70E4 /* Resources */,
			);
			buildRules = (
			);
			dependencies = (
			);
			name = "Savar Dados";
			productName = "Savar Dados";
			productReference = 621673DE1FAFD09D000F70E4 /* Savar Dados.app */;
			productType = "com.apple.product-type.application";
		};
/* End PBXNativeTarget section */

/* Begin PBXProject section */
		621673D61FAFD09D000F70E4 /* Project object */ = {
			isa = PBXProject;
			attributes = {
				LastSwiftUpdateCheck = 0910;
				LastUpgradeCheck = 0910;
				ORGANIZATIONNAME = "Rodrigo Abreu";
				TargetAttributes = {
					621673DD1FAFD09D000F70E4 = {
						CreatedOnToolsVersion = 9.1;
						ProvisioningStyle = Automatic;
					};
				};
			};
			buildConfigurationList = 621673D91FAFD09D000F70E4 /* Build configuration list for PBXProject "Savar Dados" */;
			compatibilityVersion = "Xcode 8.0";
			developmentRegion = en;
			hasScannedForEncodings = 0;
			knownRegions = (
				en,
				Base,
			);
			mainGroup = 621673D51FAFD09D000F70E4;
			productRefGroup = 621673DF1FAFD09D000F70E4 /* Products */;
			projectDirPath = "";
			projectRoot = "";
			targets = (
				621673DD1FAFD09D000F70E4 /* Savar Dados */,
			);
		};
/* End PBXProject section */

/* Begin PBXResourcesBuildPhase section */
		621673DC1FAFD09D000F70E4 /* Resources */ = {
			isa = PBXResourcesBuildPhase;
			buildActionMask = 2147483647;
			files = (
				621673EC1FAFD09D000F70E4 /* LaunchScreen.storyboard in Resources */,
				621673E91FAFD09D000F70E4 /* Assets.xcassets in Resources */,
				621673E71FAFD09D000F70E4 /* Main.storyboard in Resources */,
			);
			runOnlyForDeploymentPostprocessing = 0;
		};
/* End PBXResourcesBuildPhase section */

/* Begin PBXSourcesBuildPhase section */
		621673DA1FAFD09D000F70E4 /* Sources */ = {
			isa = PBXSourcesBuildPhase;
			buildActionMask = 2147483647;
			files = (
				621673E41FAFD09D000F70E4 /* ViewController.swift in Sources */,
				621673E21FAFD09D000F70E4 /* AppDelegate.swift in Sources */,
			);
			runOnlyForDeploymentPostprocessing = 0;
		};
/* End PBXSourcesBuildPhase section */

/* Begin PBXVariantGroup section */
		621673E51FAFD09D000F70E4 /* Main.storyboard */ = {
			isa = PBXVariantGroup;
			children = (
				621673E61FAFD09D000F70E4 /* Base */,
			);
			name = Main.storyboard;
			sourceTree = "<group>";
		};
		621673EA1FAFD09D000F70E4 /* LaunchScreen.storyboard */ = {
			isa = PBXVariantGroup;
			children = (
				621673EB1FAFD09D000F70E4 /* Base */,
			);
			name = LaunchScreen.storyboard;
			sourceTree = "<group>";
		};
/* End PBXVariantGroup section */

/* Begin XCBuildConfiguration section */
		621673EE1FAFD09D000F70E4 /* Debug */ = {
			isa = XCBuildConfiguration;
			buildSettings = {
				ALWAYS_SEARCH_USER_PATHS = NO;
				CLANG_ANALYZER_NONNULL = YES;
				CLANG_ANALYZER_NUMBER_OBJECT_CONVERSION = YES_AGGRESSIVE;
				CLANG_CXX_LANGUAGE_STANDARD = "gnu++14";
				CLANG_CXX_LIBRARY = "libc++";
				CLANG_ENABLE_MODULES = YES;
				CLANG_ENABLE_OBJC_ARC = YES;
				CLANG_WARN_BLOCK_CAPTURE_AUTORELEASING = YES;
				CLANG_WARN_BOOL_CONVERSION = YES;
				CLANG_WARN_COMMA = YES;
				CLANG_WARN_CONSTANT_CONVERSION = YES;
				CLANG_WARN_DIRECT_OBJC_ISA_USAGE = YES_ERROR;
				CLANG_WARN_DOCUMENTATION_COMMENTS = YES;
				CLANG_WARN_EMPTY_BODY = YES;
				CLANG_WARN_ENUM_CONVERSION = YES;
				CLANG_WARN_INFINITE_RECURSION = YES;
				CLANG_WARN_INT_CONVERSION = YES;
				CLANG_WARN_NON_LITERAL_NULL_CONVERSION = YES;
				CLANG_WARN_OBJC_LITERAL_CONVERSION = YES;
				CLANG_WARN_OBJC_ROOT_CLASS = YES_ERROR;
				CLANG_WARN_RANGE_LOOP_ANALYSIS = YES;
				CLANG_WARN_STRICT_PROTOTYPES = YES;
				CLANG_WARN_SUSPICIOUS_MOVE = YES;
				CLANG_WARN_UNGUARDED_AVAILABILITY = YES_AGGRESSIVE;
				CLANG_WARN_UNREACHABLE_CODE = YES;
				CLANG_WARN__DUPLICATE_METHOD_MATCH = YES;
				CODE_SIGN_IDENTITY = "iPhone Developer";
				COPY_PHASE_STRIP = NO;
				DEBUG_INFORMATION_FORMAT = dwarf;
				ENABLE_STRICT_OBJC_MSGSEND = YES;
				ENABLE_TESTABILITY = YES;
				GCC_C_LANGUAGE_STANDARD = gnu11;
				GCC_DYNAMIC_NO_PIC = NO;
				GCC_NO_COMMON_BLOCKS = YES;
				GCC_OPTIMIZATION_LEVEL = 0;
				GCC_PREPROCESSOR_DEFINITIONS = (
					"DEBUG=1",
					"$(inherited)",
				);
				GCC_WARN_64_TO_32_BIT_CONVERSION = YES;
				GCC_WARN_ABOUT_RETURN_TYPE = YES_ERROR;
				GCC_WARN_UNDECLARED_SELECTOR = YES;
				GCC_WARN_UNINITIALIZED_AUTOS = YES_AGGRESSIVE;
				GCC_WARN_UNUSED_FUNCTION = YES;
				GCC_WARN_UNUSED_VARIABLE = YES;
				IPHONEOS_DEPLOYMENT_TARGET = 11.1;
				MTL_ENABLE_DEBUG_INFO = YES;
				ONLY_ACTIVE_ARCH = YES;
				SDKROOT = iphoneos;
				SWIFT_ACTIVE_COMPILATION_CONDITIONS = DEBUG;
				SWIFT_OPTIMIZATION_LEVEL = "-Onone";
			};
			name = Debug;
		};
		621673EF1FAFD09D000F70E4 /* Release */ = {
			isa = XCBuildConfiguration;
			buildSettings = {
				ALWAYS_SEARCH_USER_PATHS = NO;
				CLANG_ANALYZER_NONNULL = YES;
				CLANG_ANALYZER_NUMBER_OBJECT_CONVERSION = YES_AGGRESSIVE;
				CLANG_CXX_LANGUAGE_STANDARD = "gnu++14";
				CLANG_CXX_LIBRARY = "libc++";
				CLANG_ENABLE_MODULES = YES;
				CLANG_ENABLE_OBJC_ARC = YES;
				CLANG_WARN_BLOCK_CAPTURE_AUTORELEASING = YES;
				CLANG_WARN_BOOL_CONVERSION = YES;
				CLANG_WARN_COMMA = YES;
				CLANG_WARN_CONSTANT_CONVERSION = YES;
				CLANG_WARN_DIRECT_OBJC_ISA_USAGE = YES_ERROR;
				CLANG_WARN_DOCUMENTATION_COMMENTS = YES;
				CLANG_WARN_EMPTY_BODY = YES;
				CLANG_WARN_ENUM_CONVERSION = YES;
				CLANG_WARN_INFINITE_RECURSION = YES;
				CLANG_WARN_INT_CONVERSION = YES;
				CLANG_WARN_NON_LITERAL_NULL_CONVERSION = YES;
				CLANG_WARN_OBJC_LITERAL_CONVERSION = YES;
				CLANG_WARN_OBJC_ROOT_CLASS = YES_ERROR;
				CLANG_WARN_RANGE_LOOP_ANALYSIS = YES;
				CLANG_WARN_STRICT_PROTOTYPES = YES;
				CLANG_WARN_SUSPICIOUS_MOVE = YES;
				CLANG_WARN_UNGUARDED_AVAILABILITY = YES_AGGRESSIVE;
				CLANG_WARN_UNREACHABLE_CODE = YES;
				CLANG_WARN__DUPLICATE_METHOD_MATCH = YES;
				CODE_SIGN_IDENTITY = "iPhone Developer";
				COPY_PHASE_STRIP = NO;
				DEBUG_INFORMATION_FORMAT = "dwarf-with-dsym";
				ENABLE_NS_ASSERTIONS = NO;
				ENABLE_STRICT_OBJC_MSGSEND = YES;
				GCC_C_LANGUAGE_STANDARD = gnu11;
				GCC_NO_COMMON_BLOCKS = YES;
				GCC_WARN_64_TO_32_BIT_CONVERSION = YES;
				GCC_WARN_ABOUT_RETURN_TYPE = YES_ERROR;
				GCC_WARN_UNDECLARED_SELECTOR = YES;
				GCC_WARN_UNINITIALIZED_AUTOS = YES_AGGRESSIVE;
				GCC_WARN_UNUSED_FUNCTION = YES;
				GCC_WARN_UNUSED_VARIABLE = YES;
				IPHONEOS_DEPLOYMENT_TARGET = 11.1;
				MTL_ENABLE_DEBUG_INFO = NO;
				SDKROOT = iphoneos;
				SWIFT_OPTIMIZATION_LEVEL = "-Owholemodule";
				VALIDATE_PRODUCT = YES;
			};
			name = Release;
		};
		621673F11FAFD09D000F70E4 /* Debug */ = {
			isa = XCBuildConfiguration;
			buildSettings = {
				ASSETCATALOG_COMPILER_APPICON_NAME = AppIcon;
				CODE_SIGN_STYLE = Automatic;
				DEVELOPMENT_TEAM = 37J9BA46N5;
				INFOPLIST_FILE = "Savar Dados/Info.plist";
				LD_RUNPATH_SEARCH_PATHS = "$(inherited) @executable_path/Frameworks";
				PRODUCT_BUNDLE_IDENTIFIER = "br.net.tleste.Savar-Dados";
				PRODUCT_NAME = "$(TARGET_NAME)";
				SWIFT_VERSION = 4.0;
				TARGETED_DEVICE_FAMILY = "1,2";
			};
			name = Debug;
		};
		621673F21FAFD09D000F70E4 /* Release */ = {
			isa = XCBuildConfiguration;
			buildSettings = {
				ASSETCATALOG_COMPILER_APPICON_NAME = AppIcon;
				CODE_SIGN_STYLE = Automatic;
				DEVELOPMENT_TEAM = 37J9BA46N5;
				INFOPLIST_FILE = "Savar Dados/Info.plist";
				LD_RUNPATH_SEARCH_PATHS = "$(inherited) @executable_path/Frameworks";
				PRODUCT_BUNDLE_IDENTIFIER = "br.net.tleste.Savar-Dados";
				PRODUCT_NAME = "$(TARGET_NAME)";
				SWIFT_VERSION = 4.0;
				TARGETED_DEVICE_FAMILY = "1,2";
			};
			name = Release;
		};
/* End XCBuildConfiguration section */

/* Begin XCConfigurationList section */
		621673D91FAFD09D000F70E4 /* Build configuration list for PBXProject "Savar Dados" */ = {
			isa = XCConfigurationList;
			buildConfigurations = (
				621673EE1FAFD09D000F70E4 /* Debug */,
				621673EF1FAFD09D000F70E4 /* Release */,
			);
			defaultConfigurationIsVisible = 0;
			defaultConfigurationName = Release;
		};
		621673F01FAFD09D000F70E4 /* Build configuration list for PBXNativeTarget "Savar Dados" */ = {
			isa = XCConfigurationList;
			buildConfigurations = (
				621673F11FAFD09D000F70E4 /* Debug */,
				621673F21FAFD09D000F70E4 /* Release */,
			);
			defaultConfigurationIsVisible = 0;
			defaultConfigurationName = Release;
		};
/* End XCConfigurationList section */
	};
	rootObject = 621673D61FAFD09D000F70E4 /* Project object */;
}
